PODS:
  - Alamofire (4.5.1)
  - ErykIosCommon (0.1.1):
    - Alamofire (~> 4.5.1)
    - Kingfisher (~> 4.1.0)
    - Moya/RxSwift (~> 10.0.0)
    - RxSwift (~> 4.0.0)
    - SkyFloatingLabelTextField (~> 3.2.1)
  - Kingfisher (4.1.1)
  - Moya/Core (10.0.1):
    - Alamofire (~> 4.1)
    - Result (~> 3.0)
  - Moya/RxSwift (10.0.1):
    - Moya/Core
    - RxSwift (~> 4.0)
  - Result (3.2.4)
  - RxSwift (4.0.0)
  - SkyFloatingLabelTextField (3.2.1)

DEPENDENCIES:
  - ErykIosCommon (from `../`)

EXTERNAL SOURCES:
  ErykIosCommon:
    :path: ../

SPEC CHECKSUMS:
  Alamofire: 2d95912bf4c34f164fdfc335872e8c312acaea4a
  ErykIosCommon: 7dace110f149c1d05675f893ca1a2040dca365c8
  Kingfisher: 6793a473357b5dbee42b0068ef203fe8325f259e
  Moya: 9e621707ff754eeb51ff3ec51a3d54e517c0733a
  Result: d2d07204ce72856f1fd9130bbe42c35a7b0fea10
  RxSwift: fd680d75283beb5e2559486f3c0ff852f0d35334
  SkyFloatingLabelTextField: 71d28906024e7d7e4460099b342f3ca7036a2e24

PODFILE CHECKSUM: da2273df980414296193755c0389db54c4ae6e5f

COCOAPODS: 1.3.1
